
Microsoft Visual Studio Solution File, Format Version 12.00
# Visual Studio Version 17
VisualStudioVersion = 17.11.35327.3
MinimumVisualStudioVersion = 10.0.40219.1
Project("{FAE04EC0-301F-11D3-BF4B-00C04F79EFBC}") = "G24W1401WPFMenu", "G24W1401WPFMenu.csproj", "{D23BFC72-F9CC-4642-8275-6C5646E1F5DA}"
EndProject
Global
	GlobalSection(SolutionConfigurationPlatforms) = preSolution
		Debug|Any CPU = Debug|Any CPU
		Release|Any CPU = Release|Any CPU
	EndGlobalSection
	GlobalSection(ProjectConfigurationPlatforms) = postSolution
		{D23BFC72-F9CC-4642-8275-6C5646E1F5DA}.Debug|Any CPU.ActiveCfg = Debug|Any CPU
		{D23BFC72-F9CC-4642-8275-6C5646E1F5DA}.Debug|Any CPU.Build.0 = Debug|Any CPU
		{D23BFC72-F9CC-4642-8275-6C5646E1F5DA}.Release|Any CPU.ActiveCfg = Release|Any CPU
		{D23BFC72-F9CC-4642-8275-6C5646E1F5DA}.Release|Any CPU.Build.0 = Release|Any CPU
	EndGlobalSection
	GlobalSection(SolutionProperties) = preSolution
		HideSolutionNode = FALSE
	EndGlobalSection
	GlobalSection(ExtensibilityGlobals) = postSolution
		SolutionGuid = {C75B63BA-1641-4B0B-9002-8310FB379BCD}
	EndGlobalSection
EndGlobal
