
Microsoft Visual Studio Solution File, Format Version 12.00
# Visual Studio Version 17
VisualStudioVersion = 17.11.35327.3
MinimumVisualStudioVersion = 10.0.40219.1
Project("{FAE04EC0-301F-11D3-BF4B-00C04F79EFBC}") = "G24W08WFLotto", "G24W08WFLotto.csproj", "{3EFB0D4F-E081-4F7C-8028-FAA6F400BE01}"
EndProject
Global
	GlobalSection(SolutionConfigurationPlatforms) = preSolution
		Debug|Any CPU = Debug|Any CPU
		Release|Any CPU = Release|Any CPU
	EndGlobalSection
	GlobalSection(ProjectConfigurationPlatforms) = postSolution
		{3EFB0D4F-E081-4F7C-8028-FAA6F400BE01}.Debug|Any CPU.ActiveCfg = Debug|Any CPU
		{3EFB0D4F-E081-4F7C-8028-FAA6F400BE01}.Debug|Any CPU.Build.0 = Debug|Any CPU
		{3EFB0D4F-E081-4F7C-8028-FAA6F400BE01}.Release|Any CPU.ActiveCfg = Release|Any CPU
		{3EFB0D4F-E081-4F7C-8028-FAA6F400BE01}.Release|Any CPU.Build.0 = Release|Any CPU
	EndGlobalSection
	GlobalSection(SolutionProperties) = preSolution
		HideSolutionNode = FALSE
	EndGlobalSection
	GlobalSection(ExtensibilityGlobals) = postSolution
		SolutionGuid = {4B967E18-4684-45B1-B881-78A50623F086}
	EndGlobalSection
EndGlobal
